
Microsoft Visual Studio Solution File, Format Version 12.00
# Visual Studio Version 17
VisualStudioVersion = 17.5.2.0
MinimumVisualStudioVersion = 10.0.40219.1
Project("{FAE04EC0-301F-11D3-BF4B-00C04F79EFBC}") = "server.Padaria", "server.Padaria\server.Padaria.csproj", "{673037E4-C532-22A0-6C43-DE9BE41EBE2B}"
EndProject
Project("{FAE04EC0-301F-11D3-BF4B-00C04F79EFBC}") = "Client.Padaria", "Client.Padaria\Client.Padaria.csproj", "{63D6FF37-8AA6-44D9-B291-4E514084F0F8}"
EndProject
Project("{FAE04EC0-301F-11D3-BF4B-00C04F79EFBC}") = "Cliente.PadariaView", "Cliente.PadariaView\Cliente.PadariaView.csproj", "{5D54A9C7-7D9D-4A35-838D-511417195B19}"
EndProject
Project("{FAE04EC0-301F-11D3-BF4B-00C04F79EFBC}") = "Client.Padariaviewmodel", "Client.Padariaviewmodel\Client.Padariaviewmodel.csproj", "{4C6B5DA2-2B12-4F75-BE86-E6CC2D093FF7}"
EndProject
Project("{FAE04EC0-301F-11D3-BF4B-00C04F79EFBC}") = "PadariaModelDTO", "PadariaModelDTO\PadariaModelDTO.csproj", "{39393373-01A9-4B73-9B0C-50C4AD25566E}"
EndProject
Project("{FAE04EC0-301F-11D3-BF4B-00C04F79EFBC}") = "client.ServiceHttp", "client.ServiceHttp\client.ServiceHttp.csproj", "{BD0EC906-3FCA-4394-925E-A6EAE0CB03EE}"
EndProject
Global
	GlobalSection(SolutionConfigurationPlatforms) = preSolution
		Debug|Any CPU = Debug|Any CPU
		Release|Any CPU = Release|Any CPU
	EndGlobalSection
	GlobalSection(ProjectConfigurationPlatforms) = postSolution
		{673037E4-C532-22A0-6C43-DE9BE41EBE2B}.Debug|Any CPU.ActiveCfg = Debug|Any CPU
		{673037E4-C532-22A0-6C43-DE9BE41EBE2B}.Debug|Any CPU.Build.0 = Debug|Any CPU
		{673037E4-C532-22A0-6C43-DE9BE41EBE2B}.Release|Any CPU.ActiveCfg = Release|Any CPU
		{673037E4-C532-22A0-6C43-DE9BE41EBE2B}.Release|Any CPU.Build.0 = Release|Any CPU
		{63D6FF37-8AA6-44D9-B291-4E514084F0F8}.Debug|Any CPU.ActiveCfg = Debug|Any CPU
		{63D6FF37-8AA6-44D9-B291-4E514084F0F8}.Debug|Any CPU.Build.0 = Debug|Any CPU
		{63D6FF37-8AA6-44D9-B291-4E514084F0F8}.Release|Any CPU.ActiveCfg = Release|Any CPU
		{63D6FF37-8AA6-44D9-B291-4E514084F0F8}.Release|Any CPU.Build.0 = Release|Any CPU
		{5D54A9C7-7D9D-4A35-838D-511417195B19}.Debug|Any CPU.ActiveCfg = Debug|Any CPU
		{5D54A9C7-7D9D-4A35-838D-511417195B19}.Debug|Any CPU.Build.0 = Debug|Any CPU
		{5D54A9C7-7D9D-4A35-838D-511417195B19}.Release|Any CPU.ActiveCfg = Release|Any CPU
		{5D54A9C7-7D9D-4A35-838D-511417195B19}.Release|Any CPU.Build.0 = Release|Any CPU
		{4C6B5DA2-2B12-4F75-BE86-E6CC2D093FF7}.Debug|Any CPU.ActiveCfg = Debug|Any CPU
		{4C6B5DA2-2B12-4F75-BE86-E6CC2D093FF7}.Debug|Any CPU.Build.0 = Debug|Any CPU
		{4C6B5DA2-2B12-4F75-BE86-E6CC2D093FF7}.Release|Any CPU.ActiveCfg = Release|Any CPU
		{4C6B5DA2-2B12-4F75-BE86-E6CC2D093FF7}.Release|Any CPU.Build.0 = Release|Any CPU
		{39393373-01A9-4B73-9B0C-50C4AD25566E}.Debug|Any CPU.ActiveCfg = Debug|Any CPU
		{39393373-01A9-4B73-9B0C-50C4AD25566E}.Debug|Any CPU.Build.0 = Debug|Any CPU
		{39393373-01A9-4B73-9B0C-50C4AD25566E}.Release|Any CPU.ActiveCfg = Release|Any CPU
		{39393373-01A9-4B73-9B0C-50C4AD25566E}.Release|Any CPU.Build.0 = Release|Any CPU
		{BD0EC906-3FCA-4394-925E-A6EAE0CB03EE}.Debug|Any CPU.ActiveCfg = Debug|Any CPU
		{BD0EC906-3FCA-4394-925E-A6EAE0CB03EE}.Debug|Any CPU.Build.0 = Debug|Any CPU
		{BD0EC906-3FCA-4394-925E-A6EAE0CB03EE}.Release|Any CPU.ActiveCfg = Release|Any CPU
		{BD0EC906-3FCA-4394-925E-A6EAE0CB03EE}.Release|Any CPU.Build.0 = Release|Any CPU
	EndGlobalSection
	GlobalSection(SolutionProperties) = preSolution
		HideSolutionNode = FALSE
	EndGlobalSection
	GlobalSection(ExtensibilityGlobals) = postSolution
		SolutionGuid = {D8210D2A-9E8A-4498-B8B1-DECF48E11EF2}
	EndGlobalSection
EndGlobal
